// !$*UTF8*$!
{
	archiveVersion = 1;
	classes = {
	};
	objectVersion = 46;
	objects = {

/* Begin PBXBuildFile section */
		897776D11F54784E00D21FD5 /* Combinations.swift in Sources */ = {isa = PBXBuildFile; fileRef = 897776D01F54784E00D21FD5 /* Combinations.swift */; };
		897776D51F547B6800D21FD5 /* CombinationsTests.swift in Sources */ = {isa = PBXBuildFile; fileRef = 897776D41F547B6800D21FD5 /* CombinationsTests.swift */; };
		89B4109A1FDF68A7001D86E5 /* AnyIterator.swift in Sources */ = {isa = PBXBuildFile; fileRef = 89B410991FDF68A7001D86E5 /* AnyIterator.swift */; };
		89B4109B1FDF68B6001D86E5 /* Chain.swift in Sources */ = {isa = PBXBuildFile; fileRef = 89E8F1CD1F507771000FC583 /* Chain.swift */; };
		89B4109C1FDF68BB001D86E5 /* Accumulate.swift in Sources */ = {isa = PBXBuildFile; fileRef = 89E8F1C91F4F8988000FC583 /* Accumulate.swift */; };
		89B4109D1FDF68C6001D86E5 /* Repeater.swift in Sources */ = {isa = PBXBuildFile; fileRef = 89E8F1C51F4F733C000FC583 /* Repeater.swift */; };
		89CEDB5F1F50942D005944DD /* Compress.swift in Sources */ = {isa = PBXBuildFile; fileRef = 89CEDB5E1F50942D005944DD /* Compress.swift */; };
		89CEDB611F509651005944DD /* CompressTests.swift in Sources */ = {isa = PBXBuildFile; fileRef = 89CEDB601F509651005944DD /* CompressTests.swift */; };
		89CEDB631F509B27005944DD /* Reject.swift in Sources */ = {isa = PBXBuildFile; fileRef = 89CEDB621F509B27005944DD /* Reject.swift */; };
		89CEDB651F509FD7005944DD /* RejectTests.swift in Sources */ = {isa = PBXBuildFile; fileRef = 89CEDB641F509FD7005944DD /* RejectTests.swift */; };
		89CEDB671F50C23D005944DD /* Grouped.swift in Sources */ = {isa = PBXBuildFile; fileRef = 89CEDB661F50C23D005944DD /* Grouped.swift */; };
		89CEDB691F50D3C0005944DD /* GroupedTests.swift in Sources */ = {isa = PBXBuildFile; fileRef = 89CEDB681F50D3C0005944DD /* GroupedTests.swift */; };
		89CEDB6B1F50E8E3005944DD /* Tee.swift in Sources */ = {isa = PBXBuildFile; fileRef = 89CEDB6A1F50E8E3005944DD /* Tee.swift */; };
		89CEDB6D1F50E9B5005944DD /* TeeTests.swift in Sources */ = {isa = PBXBuildFile; fileRef = 89CEDB6C1F50E9B5005944DD /* TeeTests.swift */; };
		89CEDB6F1F50F139005944DD /* ZipLongest.swift in Sources */ = {isa = PBXBuildFile; fileRef = 89CEDB6E1F50F139005944DD /* ZipLongest.swift */; };
		89CEDB711F50F498005944DD /* ZipLongestTests.swift in Sources */ = {isa = PBXBuildFile; fileRef = 89CEDB701F50F498005944DD /* ZipLongestTests.swift */; };
		89CEDB731F51EE1B005944DD /* Product.swift in Sources */ = {isa = PBXBuildFile; fileRef = 89CEDB721F51EE1B005944DD /* Product.swift */; };
		89CEDB751F51F26D005944DD /* ProductTests.swift in Sources */ = {isa = PBXBuildFile; fileRef = 89CEDB741F51F26D005944DD /* ProductTests.swift */; };
		89CEDB771F5354C1005944DD /* Permutations.swift in Sources */ = {isa = PBXBuildFile; fileRef = 89CEDB761F5354C1005944DD /* Permutations.swift */; };
		89CEDB791F536CE9005944DD /* PermutationsTests.swift in Sources */ = {isa = PBXBuildFile; fileRef = 89CEDB781F536CE9005944DD /* PermutationsTests.swift */; };
		89E8F1A81F4F2CC9000FC583 /* IteratorTools.framework in Frameworks */ = {isa = PBXBuildFile; fileRef = 89E8F19E1F4F2CC9000FC583 /* IteratorTools.framework */; };
		89E8F1AF1F4F2CC9000FC583 /* IteratorTools.h in Headers */ = {isa = PBXBuildFile; fileRef = 89E8F1A11F4F2CC9000FC583 /* IteratorTools.h */; settings = {ATTRIBUTES = (Public, ); }; };
		89E8F1BE1F4F3C10000FC583 /* Cycle.swift in Sources */ = {isa = PBXBuildFile; fileRef = 89E8F1BD1F4F3C10000FC583 /* Cycle.swift */; };
		89E8F1C01F4F41F0000FC583 /* CycleTests.swift in Sources */ = {isa = PBXBuildFile; fileRef = 89E8F1BF1F4F41F0000FC583 /* CycleTests.swift */; };
		89E8F1C21F4F56E2000FC583 /* Counter.swift in Sources */ = {isa = PBXBuildFile; fileRef = 89E8F1C11F4F56E2000FC583 /* Counter.swift */; };
		89E8F1C41F4F56E9000FC583 /* CounterTests.swift in Sources */ = {isa = PBXBuildFile; fileRef = 89E8F1C31F4F56E9000FC583 /* CounterTests.swift */; };
		89E8F1C81F4F8144000FC583 /* RepeaterTests.swift in Sources */ = {isa = PBXBuildFile; fileRef = 89E8F1C71F4F8144000FC583 /* RepeaterTests.swift */; };
		89E8F1CC1F4F8F7A000FC583 /* AccumulateTests.swift in Sources */ = {isa = PBXBuildFile; fileRef = 89E8F1CB1F4F8F7A000FC583 /* AccumulateTests.swift */; };
		89E8F1D01F5079C2000FC583 /* ChainTests.swift in Sources */ = {isa = PBXBuildFile; fileRef = 89E8F1CF1F5079C2000FC583 /* ChainTests.swift */; };
/* End PBXBuildFile section */

/* Begin PBXContainerItemProxy section */
		89E8F1A91F4F2CC9000FC583 /* PBXContainerItemProxy */ = {
			isa = PBXContainerItemProxy;
			containerPortal = 89E8F1951F4F2CC9000FC583 /* Project object */;
			proxyType = 1;
			remoteGlobalIDString = 89E8F19D1F4F2CC9000FC583;
			remoteInfo = IteratorTools;
		};
/* End PBXContainerItemProxy section */

/* Begin PBXFileReference section */
		897776D01F54784E00D21FD5 /* Combinations.swift */ = {isa = PBXFileReference; fileEncoding = 4; lastKnownFileType = sourcecode.swift; name = Combinations.swift; path = Sources/Combinations.swift; sourceTree = "<group>"; };
		897776D41F547B6800D21FD5 /* CombinationsTests.swift */ = {isa = PBXFileReference; fileEncoding = 4; lastKnownFileType = sourcecode.swift; path = CombinationsTests.swift; sourceTree = "<group>"; };
		89B410991FDF68A7001D86E5 /* AnyIterator.swift */ = {isa = PBXFileReference; lastKnownFileType = sourcecode.swift; path = AnyIterator.swift; sourceTree = "<group>"; };
		89CEDB5E1F50942D005944DD /* Compress.swift */ = {isa = PBXFileReference; fileEncoding = 4; lastKnownFileType = sourcecode.swift; name = Compress.swift; path = Sources/Compress.swift; sourceTree = "<group>"; };
		89CEDB601F509651005944DD /* CompressTests.swift */ = {isa = PBXFileReference; fileEncoding = 4; lastKnownFileType = sourcecode.swift; path = CompressTests.swift; sourceTree = "<group>"; };
		89CEDB621F509B27005944DD /* Reject.swift */ = {isa = PBXFileReference; fileEncoding = 4; lastKnownFileType = sourcecode.swift; name = Reject.swift; path = Sources/Reject.swift; sourceTree = "<group>"; };
		89CEDB641F509FD7005944DD /* RejectTests.swift */ = {isa = PBXFileReference; fileEncoding = 4; lastKnownFileType = sourcecode.swift; path = RejectTests.swift; sourceTree = "<group>"; };
		89CEDB661F50C23D005944DD /* Grouped.swift */ = {isa = PBXFileReference; fileEncoding = 4; lastKnownFileType = sourcecode.swift; name = Grouped.swift; path = Sources/Grouped.swift; sourceTree = "<group>"; };
		89CEDB681F50D3C0005944DD /* GroupedTests.swift */ = {isa = PBXFileReference; fileEncoding = 4; lastKnownFileType = sourcecode.swift; path = GroupedTests.swift; sourceTree = "<group>"; };
		89CEDB6A1F50E8E3005944DD /* Tee.swift */ = {isa = PBXFileReference; fileEncoding = 4; lastKnownFileType = sourcecode.swift; name = Tee.swift; path = Sources/Tee.swift; sourceTree = "<group>"; };
		89CEDB6C1F50E9B5005944DD /* TeeTests.swift */ = {isa = PBXFileReference; fileEncoding = 4; lastKnownFileType = sourcecode.swift; path = TeeTests.swift; sourceTree = "<group>"; };
		89CEDB6E1F50F139005944DD /* ZipLongest.swift */ = {isa = PBXFileReference; fileEncoding = 4; lastKnownFileType = sourcecode.swift; name = ZipLongest.swift; path = Sources/ZipLongest.swift; sourceTree = "<group>"; };
		89CEDB701F50F498005944DD /* ZipLongestTests.swift */ = {isa = PBXFileReference; fileEncoding = 4; lastKnownFileType = sourcecode.swift; path = ZipLongestTests.swift; sourceTree = "<group>"; };
		89CEDB721F51EE1B005944DD /* Product.swift */ = {isa = PBXFileReference; fileEncoding = 4; lastKnownFileType = sourcecode.swift; name = Product.swift; path = Sources/Product.swift; sourceTree = "<group>"; };
		89CEDB741F51F26D005944DD /* ProductTests.swift */ = {isa = PBXFileReference; fileEncoding = 4; lastKnownFileType = sourcecode.swift; path = ProductTests.swift; sourceTree = "<group>"; };
		89CEDB761F5354C1005944DD /* Permutations.swift */ = {isa = PBXFileReference; fileEncoding = 4; lastKnownFileType = sourcecode.swift; name = Permutations.swift; path = Sources/Permutations.swift; sourceTree = "<group>"; };
		89CEDB781F536CE9005944DD /* PermutationsTests.swift */ = {isa = PBXFileReference; fileEncoding = 4; lastKnownFileType = sourcecode.swift; path = PermutationsTests.swift; sourceTree = "<group>"; };
		89E8F19E1F4F2CC9000FC583 /* IteratorTools.framework */ = {isa = PBXFileReference; explicitFileType = wrapper.framework; includeInIndex = 0; path = IteratorTools.framework; sourceTree = BUILT_PRODUCTS_DIR; };
		89E8F1A11F4F2CC9000FC583 /* IteratorTools.h */ = {isa = PBXFileReference; lastKnownFileType = sourcecode.c.h; path = IteratorTools.h; sourceTree = "<group>"; };
		89E8F1A21F4F2CC9000FC583 /* Info.plist */ = {isa = PBXFileReference; lastKnownFileType = text.plist.xml; path = Info.plist; sourceTree = "<group>"; };
		89E8F1A71F4F2CC9000FC583 /* IteratorToolsTests.xctest */ = {isa = PBXFileReference; explicitFileType = wrapper.cfbundle; includeInIndex = 0; path = IteratorToolsTests.xctest; sourceTree = BUILT_PRODUCTS_DIR; };
		89E8F1AE1F4F2CC9000FC583 /* Info.plist */ = {isa = PBXFileReference; lastKnownFileType = text.plist.xml; path = Info.plist; sourceTree = "<group>"; };
		89E8F1BD1F4F3C10000FC583 /* Cycle.swift */ = {isa = PBXFileReference; fileEncoding = 4; lastKnownFileType = sourcecode.swift; name = Cycle.swift; path = Sources/Cycle.swift; sourceTree = "<group>"; };
		89E8F1BF1F4F41F0000FC583 /* CycleTests.swift */ = {isa = PBXFileReference; fileEncoding = 4; lastKnownFileType = sourcecode.swift; path = CycleTests.swift; sourceTree = "<group>"; };
		89E8F1C11F4F56E2000FC583 /* Counter.swift */ = {isa = PBXFileReference; fileEncoding = 4; lastKnownFileType = sourcecode.swift; name = Counter.swift; path = Sources/Counter.swift; sourceTree = "<group>"; };
		89E8F1C31F4F56E9000FC583 /* CounterTests.swift */ = {isa = PBXFileReference; fileEncoding = 4; lastKnownFileType = sourcecode.swift; path = CounterTests.swift; sourceTree = "<group>"; };
		89E8F1C51F4F733C000FC583 /* Repeater.swift */ = {isa = PBXFileReference; fileEncoding = 4; lastKnownFileType = sourcecode.swift; name = Repeater.swift; path = Sources/Repeater.swift; sourceTree = "<group>"; };
		89E8F1C71F4F8144000FC583 /* RepeaterTests.swift */ = {isa = PBXFileReference; fileEncoding = 4; lastKnownFileType = sourcecode.swift; path = RepeaterTests.swift; sourceTree = "<group>"; };
		89E8F1C91F4F8988000FC583 /* Accumulate.swift */ = {isa = PBXFileReference; fileEncoding = 4; lastKnownFileType = sourcecode.swift; name = Accumulate.swift; path = Sources/Accumulate.swift; sourceTree = "<group>"; };
		89E8F1CB1F4F8F7A000FC583 /* AccumulateTests.swift */ = {isa = PBXFileReference; fileEncoding = 4; lastKnownFileType = sourcecode.swift; path = AccumulateTests.swift; sourceTree = "<group>"; };
		89E8F1CD1F507771000FC583 /* Chain.swift */ = {isa = PBXFileReference; fileEncoding = 4; lastKnownFileType = sourcecode.swift; name = Chain.swift; path = Sources/Chain.swift; sourceTree = "<group>"; };
		89E8F1CF1F5079C2000FC583 /* ChainTests.swift */ = {isa = PBXFileReference; fileEncoding = 4; lastKnownFileType = sourcecode.swift; path = ChainTests.swift; sourceTree = "<group>"; };
/* End PBXFileReference section */

/* Begin PBXFrameworksBuildPhase section */
		89E8F19A1F4F2CC9000FC583 /* Frameworks */ = {
			isa = PBXFrameworksBuildPhase;
			buildActionMask = 2147483647;
			files = (
			);
			runOnlyForDeploymentPostprocessing = 0;
		};
		89E8F1A41F4F2CC9000FC583 /* Frameworks */ = {
			isa = PBXFrameworksBuildPhase;
			buildActionMask = 2147483647;
			files = (
				89E8F1A81F4F2CC9000FC583 /* IteratorTools.framework in Frameworks */,
			);
			runOnlyForDeploymentPostprocessing = 0;
		};
/* End PBXFrameworksBuildPhase section */

/* Begin PBXGroup section */
		89E8F1941F4F2CC9000FC583 = {
			isa = PBXGroup;
			children = (
				89E8F1B81F4F2CD9000FC583 /* Sources */,
				89E8F1A01F4F2CC9000FC583 /* IteratorTools */,
				89E8F1AB1F4F2CC9000FC583 /* IteratorToolsTests */,
				89E8F19F1F4F2CC9000FC583 /* Products */,
			);
			sourceTree = "<group>";
		};
		89E8F19F1F4F2CC9000FC583 /* Products */ = {
			isa = PBXGroup;
			children = (
				89E8F19E1F4F2CC9000FC583 /* IteratorTools.framework */,
				89E8F1A71F4F2CC9000FC583 /* IteratorToolsTests.xctest */,
			);
			name = Products;
			sourceTree = "<group>";
		};
		89E8F1A01F4F2CC9000FC583 /* IteratorTools */ = {
			isa = PBXGroup;
			children = (
				89E8F1A11F4F2CC9000FC583 /* IteratorTools.h */,
				89E8F1A21F4F2CC9000FC583 /* Info.plist */,
			);
			path = IteratorTools;
			sourceTree = "<group>";
		};
		89E8F1AB1F4F2CC9000FC583 /* IteratorToolsTests */ = {
			isa = PBXGroup;
			children = (
				89E8F1CB1F4F8F7A000FC583 /* AccumulateTests.swift */,
				89E8F1CF1F5079C2000FC583 /* ChainTests.swift */,
				897776D41F547B6800D21FD5 /* CombinationsTests.swift */,
				89CEDB601F509651005944DD /* CompressTests.swift */,
				89E8F1C31F4F56E9000FC583 /* CounterTests.swift */,
				89E8F1BF1F4F41F0000FC583 /* CycleTests.swift */,
				89CEDB681F50D3C0005944DD /* GroupedTests.swift */,
				89CEDB781F536CE9005944DD /* PermutationsTests.swift */,
				89CEDB741F51F26D005944DD /* ProductTests.swift */,
				89CEDB641F509FD7005944DD /* RejectTests.swift */,
				89E8F1C71F4F8144000FC583 /* RepeaterTests.swift */,
				89CEDB6C1F50E9B5005944DD /* TeeTests.swift */,
				89CEDB701F50F498005944DD /* ZipLongestTests.swift */,
				89E8F1AE1F4F2CC9000FC583 /* Info.plist */,
			);
			path = IteratorToolsTests;
			sourceTree = "<group>";
		};
		89E8F1B81F4F2CD9000FC583 /* Sources */ = {
			isa = PBXGroup;
			children = (
				89E8F1C91F4F8988000FC583 /* Accumulate.swift */,
				89B410991FDF68A7001D86E5 /* AnyIterator.swift */,
				89E8F1CD1F507771000FC583 /* Chain.swift */,
				897776D01F54784E00D21FD5 /* Combinations.swift */,
				89CEDB5E1F50942D005944DD /* Compress.swift */,
				89E8F1C11F4F56E2000FC583 /* Counter.swift */,
				89E8F1BD1F4F3C10000FC583 /* Cycle.swift */,
				89CEDB661F50C23D005944DD /* Grouped.swift */,
				89CEDB761F5354C1005944DD /* Permutations.swift */,
				89CEDB721F51EE1B005944DD /* Product.swift */,
				89CEDB621F509B27005944DD /* Reject.swift */,
				89E8F1C51F4F733C000FC583 /* Repeater.swift */,
				89CEDB6A1F50E8E3005944DD /* Tee.swift */,
				89CEDB6E1F50F139005944DD /* ZipLongest.swift */,
			);
			name = Sources;
			sourceTree = "<group>";
		};
/* End PBXGroup section */

/* Begin PBXHeadersBuildPhase section */
		89E8F19B1F4F2CC9000FC583 /* Headers */ = {
			isa = PBXHeadersBuildPhase;
			buildActionMask = 2147483647;
			files = (
				89E8F1AF1F4F2CC9000FC583 /* IteratorTools.h in Headers */,
			);
			runOnlyForDeploymentPostprocessing = 0;
		};
/* End PBXHeadersBuildPhase section */

/* Begin PBXNativeTarget section */
		89E8F19D1F4F2CC9000FC583 /* IteratorTools */ = {
			isa = PBXNativeTarget;
			buildConfigurationList = 89E8F1B21F4F2CC9000FC583 /* Build configuration list for PBXNativeTarget "IteratorTools" */;
			buildPhases = (
				89E8F1991F4F2CC9000FC583 /* Sources */,
				89E8F19A1F4F2CC9000FC583 /* Frameworks */,
				89E8F19B1F4F2CC9000FC583 /* Headers */,
				89E8F19C1F4F2CC9000FC583 /* Resources */,
			);
			buildRules = (
			);
			dependencies = (
			);
			name = IteratorTools;
			productName = IteratorTools;
			productReference = 89E8F19E1F4F2CC9000FC583 /* IteratorTools.framework */;
			productType = "com.apple.product-type.framework";
		};
		89E8F1A61F4F2CC9000FC583 /* IteratorToolsTests */ = {
			isa = PBXNativeTarget;
			buildConfigurationList = 89E8F1B51F4F2CC9000FC583 /* Build configuration list for PBXNativeTarget "IteratorToolsTests" */;
			buildPhases = (
				89E8F1A31F4F2CC9000FC583 /* Sources */,
				89E8F1A41F4F2CC9000FC583 /* Frameworks */,
				89E8F1A51F4F2CC9000FC583 /* Resources */,
			);
			buildRules = (
			);
			dependencies = (
				89E8F1AA1F4F2CC9000FC583 /* PBXTargetDependency */,
			);
			name = IteratorToolsTests;
			productName = IteratorToolsTests;
			productReference = 89E8F1A71F4F2CC9000FC583 /* IteratorToolsTests.xctest */;
			productType = "com.apple.product-type.bundle.unit-test";
		};
/* End PBXNativeTarget section */

/* Begin PBXProject section */
		89E8F1951F4F2CC9000FC583 /* Project object */ = {
			isa = PBXProject;
			attributes = {
				LastSwiftUpdateCheck = 0830;
				LastUpgradeCheck = 0920;
				ORGANIZATIONNAME = "Michael Pangburn";
				TargetAttributes = {
					89E8F19D1F4F2CC9000FC583 = {
						CreatedOnToolsVersion = 8.3.3;
						DevelopmentTeam = 5Q5Q8W9ATZ;
						LastSwiftMigration = 0920;
						ProvisioningStyle = Automatic;
					};
					89E8F1A61F4F2CC9000FC583 = {
						CreatedOnToolsVersion = 8.3.3;
						DevelopmentTeam = 5Q5Q8W9ATZ;
						LastSwiftMigration = 0920;
						ProvisioningStyle = Automatic;
					};
				};
			};
			buildConfigurationList = 89E8F1981F4F2CC9000FC583 /* Build configuration list for PBXProject "IteratorTools" */;
			compatibilityVersion = "Xcode 3.2";
			developmentRegion = English;
			hasScannedForEncodings = 0;
			knownRegions = (
				en,
			);
			mainGroup = 89E8F1941F4F2CC9000FC583;
			productRefGroup = 89E8F19F1F4F2CC9000FC583 /* Products */;
			projectDirPath = "";
			projectRoot = "";
			targets = (
				89E8F19D1F4F2CC9000FC583 /* IteratorTools */,
				89E8F1A61F4F2CC9000FC583 /* IteratorToolsTests */,
			);
		};
/* End PBXProject section */

/* Begin PBXResourcesBuildPhase section */
		89E8F19C1F4F2CC9000FC583 /* Resources */ = {
			isa = PBXResourcesBuildPhase;
			buildActionMask = 2147483647;
			files = (
			);
			runOnlyForDeploymentPostprocessing = 0;
		};
		89E8F1A51F4F2CC9000FC583 /* Resources */ = {
			isa = PBXResourcesBuildPhase;
			buildActionMask = 2147483647;
			files = (
			);
			runOnlyForDeploymentPostprocessing = 0;
		};
/* End PBXResourcesBuildPhase section */

/* Begin PBXSourcesBuildPhase section */
		89E8F1991F4F2CC9000FC583 /* Sources */ = {
			isa = PBXSourcesBuildPhase;
			buildActionMask = 2147483647;
			files = (
				89CEDB6B1F50E8E3005944DD /* Tee.swift in Sources */,
				89CEDB731F51EE1B005944DD /* Product.swift in Sources */,
				89CEDB6F1F50F139005944DD /* ZipLongest.swift in Sources */,
				89B4109A1FDF68A7001D86E5 /* AnyIterator.swift in Sources */,
				89E8F1C21F4F56E2000FC583 /* Counter.swift in Sources */,
				89CEDB631F509B27005944DD /* Reject.swift in Sources */,
				89CEDB771F5354C1005944DD /* Permutations.swift in Sources */,
				89E8F1BE1F4F3C10000FC583 /* Cycle.swift in Sources */,
				89CEDB671F50C23D005944DD /* Grouped.swift in Sources */,
				89B4109B1FDF68B6001D86E5 /* Chain.swift in Sources */,
				89B4109C1FDF68BB001D86E5 /* Accumulate.swift in Sources */,
				89CEDB5F1F50942D005944DD /* Compress.swift in Sources */,
				897776D11F54784E00D21FD5 /* Combinations.swift in Sources */,
				89B4109D1FDF68C6001D86E5 /* Repeater.swift in Sources */,
			);
			runOnlyForDeploymentPostprocessing = 0;
		};
		89E8F1A31F4F2CC9000FC583 /* Sources */ = {
			isa = PBXSourcesBuildPhase;
			buildActionMask = 2147483647;
			files = (
				89E8F1C41F4F56E9000FC583 /* CounterTests.swift in Sources */,
				89E8F1D01F5079C2000FC583 /* ChainTests.swift in Sources */,
				89CEDB6D1F50E9B5005944DD /* TeeTests.swift in Sources */,
				89CEDB691F50D3C0005944DD /* GroupedTests.swift in Sources */,
				89E8F1CC1F4F8F7A000FC583 /* AccumulateTests.swift in Sources */,
				89CEDB791F536CE9005944DD /* PermutationsTests.swift in Sources */,
				89CEDB711F50F498005944DD /* ZipLongestTests.swift in Sources */,
				89CEDB611F509651005944DD /* CompressTests.swift in Sources */,
				89E8F1C81F4F8144000FC583 /* RepeaterTests.swift in Sources */,
				89CEDB751F51F26D005944DD /* ProductTests.swift in Sources */,
				897776D51F547B6800D21FD5 /* CombinationsTests.swift in Sources */,
				89E8F1C01F4F41F0000FC583 /* CycleTests.swift in Sources */,
				89CEDB651F509FD7005944DD /* RejectTests.swift in Sources */,
			);
			runOnlyForDeploymentPostprocessing = 0;
		};
/* End PBXSourcesBuildPhase section */

/* Begin PBXTargetDependency section */
		89E8F1AA1F4F2CC9000FC583 /* PBXTargetDependency */ = {
			isa = PBXTargetDependency;
			target = 89E8F19D1F4F2CC9000FC583 /* IteratorTools */;
			targetProxy = 89E8F1A91F4F2CC9000FC583 /* PBXContainerItemProxy */;
		};
/* End PBXTargetDependency section */

/* Begin XCBuildConfiguration section */
		89E8F1B01F4F2CC9000FC583 /* Debug */ = {
			isa = XCBuildConfiguration;
			buildSettings = {
				ALWAYS_SEARCH_USER_PATHS = NO;
				CLANG_ANALYZER_NONNULL = YES;
				CLANG_ANALYZER_NUMBER_OBJECT_CONVERSION = YES_AGGRESSIVE;
				CLANG_CXX_LANGUAGE_STANDARD = "gnu++0x";
				CLANG_CXX_LIBRARY = "libc++";
				CLANG_ENABLE_MODULES = YES;
				CLANG_ENABLE_OBJC_ARC = YES;
				CLANG_WARN_BLOCK_CAPTURE_AUTORELEASING = YES;
				CLANG_WARN_BOOL_CONVERSION = YES;
				CLANG_WARN_COMMA = YES;
				CLANG_WARN_CONSTANT_CONVERSION = YES;
				CLANG_WARN_DIRECT_OBJC_ISA_USAGE = YES_ERROR;
				CLANG_WARN_DOCUMENTATION_COMMENTS = YES;
				CLANG_WARN_EMPTY_BODY = YES;
				CLANG_WARN_ENUM_CONVERSION = YES;
				CLANG_WARN_INFINITE_RECURSION = YES;
				CLANG_WARN_INT_CONVERSION = YES;
				CLANG_WARN_NON_LITERAL_NULL_CONVERSION = YES;
				CLANG_WARN_OBJC_LITERAL_CONVERSION = YES;
				CLANG_WARN_OBJC_ROOT_CLASS = YES_ERROR;
				CLANG_WARN_RANGE_LOOP_ANALYSIS = YES;
				CLANG_WARN_STRICT_PROTOTYPES = YES;
				CLANG_WARN_SUSPICIOUS_MOVE = YES;
				CLANG_WARN_UNREACHABLE_CODE = YES;
				CLANG_WARN__DUPLICATE_METHOD_MATCH = YES;
				"CODE_SIGN_IDENTITY[sdk=iphoneos*]" = "iPhone Developer";
				COPY_PHASE_STRIP = NO;
				CURRENT_PROJECT_VERSION = 1;
				DEBUG_INFORMATION_FORMAT = dwarf;
				ENABLE_STRICT_OBJC_MSGSEND = YES;
				ENABLE_TESTABILITY = YES;
				GCC_C_LANGUAGE_STANDARD = gnu99;
				GCC_DYNAMIC_NO_PIC = NO;
				GCC_NO_COMMON_BLOCKS = YES;
				GCC_OPTIMIZATION_LEVEL = 0;
				GCC_PREPROCESSOR_DEFINITIONS = (
					"DEBUG=1",
					"$(inherited)",
				);
				GCC_WARN_64_TO_32_BIT_CONVERSION = YES;
				GCC_WARN_ABOUT_RETURN_TYPE = YES_ERROR;
				GCC_WARN_UNDECLARED_SELECTOR = YES;
				GCC_WARN_UNINITIALIZED_AUTOS = YES_AGGRESSIVE;
				GCC_WARN_UNUSED_FUNCTION = YES;
				GCC_WARN_UNUSED_VARIABLE = YES;
				IPHONEOS_DEPLOYMENT_TARGET = 10.3;
				MTL_ENABLE_DEBUG_INFO = YES;
				ONLY_ACTIVE_ARCH = YES;
				SDKROOT = iphoneos;
				SWIFT_ACTIVE_COMPILATION_CONDITIONS = DEBUG;
				SWIFT_OPTIMIZATION_LEVEL = "-Onone";
				TARGETED_DEVICE_FAMILY = "1,2";
				VERSIONING_SYSTEM = "apple-generic";
				VERSION_INFO_PREFIX = "";
			};
			name = Debug;
		};
		89E8F1B11F4F2CC9000FC583 /* Release */ = {
			isa = XCBuildConfiguration;
			buildSettings = {
				ALWAYS_SEARCH_USER_PATHS = NO;
				CLANG_ANALYZER_NONNULL = YES;
				CLANG_ANALYZER_NUMBER_OBJECT_CONVERSION = YES_AGGRESSIVE;
				CLANG_CXX_LANGUAGE_STANDARD = "gnu++0x";
				CLANG_CXX_LIBRARY = "libc++";
				CLANG_ENABLE_MODULES = YES;
				CLANG_ENABLE_OBJC_ARC = YES;
				CLANG_WARN_BLOCK_CAPTURE_AUTORELEASING = YES;
				CLANG_WARN_BOOL_CONVERSION = YES;
				CLANG_WARN_COMMA = YES;
				CLANG_WARN_CONSTANT_CONVERSION = YES;
				CLANG_WARN_DIRECT_OBJC_ISA_USAGE = YES_ERROR;
				CLANG_WARN_DOCUMENTATION_COMMENTS = YES;
				CLANG_WARN_EMPTY_BODY = YES;
				CLANG_WARN_ENUM_CONVERSION = YES;
				CLANG_WARN_INFINITE_RECURSION = YES;
				CLANG_WARN_INT_CONVERSION = YES;
				CLANG_WARN_NON_LITERAL_NULL_CONVERSION = YES;
				CLANG_WARN_OBJC_LITERAL_CONVERSION = YES;
				CLANG_WARN_OBJC_ROOT_CLASS = YES_ERROR;
				CLANG_WARN_RANGE_LOOP_ANALYSIS = YES;
				CLANG_WARN_STRICT_PROTOTYPES = YES;
				CLANG_WARN_SUSPICIOUS_MOVE = YES;
				CLANG_WARN_UNREACHABLE_CODE = YES;
				CLANG_WARN__DUPLICATE_METHOD_MATCH = YES;
				"CODE_SIGN_IDENTITY[sdk=iphoneos*]" = "iPhone Developer";
				COPY_PHASE_STRIP = NO;
				CURRENT_PROJECT_VERSION = 1;
				DEBUG_INFORMATION_FORMAT = "dwarf-with-dsym";
				ENABLE_NS_ASSERTIONS = NO;
				ENABLE_STRICT_OBJC_MSGSEND = YES;
				GCC_C_LANGUAGE_STANDARD = gnu99;
				GCC_NO_COMMON_BLOCKS = YES;
				GCC_WARN_64_TO_32_BIT_CONVERSION = YES;
				GCC_WARN_ABOUT_RETURN_TYPE = YES_ERROR;
				GCC_WARN_UNDECLARED_SELECTOR = YES;
				GCC_WARN_UNINITIALIZED_AUTOS = YES_AGGRESSIVE;
				GCC_WARN_UNUSED_FUNCTION = YES;
				GCC_WARN_UNUSED_VARIABLE = YES;
				IPHONEOS_DEPLOYMENT_TARGET = 10.3;
				MTL_ENABLE_DEBUG_INFO = NO;
				SDKROOT = iphoneos;
				SWIFT_OPTIMIZATION_LEVEL = "-Owholemodule";
				TARGETED_DEVICE_FAMILY = "1,2";
				VALIDATE_PRODUCT = YES;
				VERSIONING_SYSTEM = "apple-generic";
				VERSION_INFO_PREFIX = "";
			};
			name = Release;
		};
		89E8F1B31F4F2CC9000FC583 /* Debug */ = {
			isa = XCBuildConfiguration;
			buildSettings = {
				CLANG_ENABLE_MODULES = YES;
				CODE_SIGN_IDENTITY = "";
				DEFINES_MODULE = YES;
				DEVELOPMENT_TEAM = 5Q5Q8W9ATZ;
				DYLIB_COMPATIBILITY_VERSION = 1;
				DYLIB_CURRENT_VERSION = 1;
				DYLIB_INSTALL_NAME_BASE = "@rpath";
				INFOPLIST_FILE = IteratorTools/Info.plist;
				INSTALL_PATH = "$(LOCAL_LIBRARY_DIR)/Frameworks";
				LD_RUNPATH_SEARCH_PATHS = "$(inherited) @executable_path/Frameworks @loader_path/Frameworks";
				PRODUCT_BUNDLE_IDENTIFIER = com.pangburn.IteratorTools;
				PRODUCT_NAME = "$(TARGET_NAME)";
				SKIP_INSTALL = YES;
				SWIFT_OPTIMIZATION_LEVEL = "-Onone";
				SWIFT_SWIFT3_OBJC_INFERENCE = Default;
				SWIFT_VERSION = 4.0;
			};
			name = Debug;
		};
		89E8F1B41F4F2CC9000FC583 /* Release */ = {
			isa = XCBuildConfiguration;
			buildSettings = {
				CLANG_ENABLE_MODULES = YES;
				CODE_SIGN_IDENTITY = "";
				DEFINES_MODULE = YES;
				DEVELOPMENT_TEAM = 5Q5Q8W9ATZ;
				DYLIB_COMPATIBILITY_VERSION = 1;
				DYLIB_CURRENT_VERSION = 1;
				DYLIB_INSTALL_NAME_BASE = "@rpath";
				INFOPLIST_FILE = IteratorTools/Info.plist;
				INSTALL_PATH = "$(LOCAL_LIBRARY_DIR)/Frameworks";
				LD_RUNPATH_SEARCH_PATHS = "$(inherited) @executable_path/Frameworks @loader_path/Frameworks";
				PRODUCT_BUNDLE_IDENTIFIER = com.pangburn.IteratorTools;
				PRODUCT_NAME = "$(TARGET_NAME)";
				SKIP_INSTALL = YES;
				SWIFT_SWIFT3_OBJC_INFERENCE = Default;
				SWIFT_VERSION = 4.0;
			};
			name = Release;
		};
		89E8F1B61F4F2CC9000FC583 /* Debug */ = {
			isa = XCBuildConfiguration;
			buildSettings = {
				ALWAYS_EMBED_SWIFT_STANDARD_LIBRARIES = YES;
				DEVELOPMENT_TEAM = 5Q5Q8W9ATZ;
				INFOPLIST_FILE = IteratorToolsTests/Info.plist;
				LD_RUNPATH_SEARCH_PATHS = "$(inherited) @executable_path/Frameworks @loader_path/Frameworks";
				PRODUCT_BUNDLE_IDENTIFIER = com.pangburn.IteratorToolsTests;
				PRODUCT_NAME = "$(TARGET_NAME)";
				SWIFT_SWIFT3_OBJC_INFERENCE = Default;
				SWIFT_VERSION = 4.0;
			};
			name = Debug;
		};
		89E8F1B71F4F2CC9000FC583 /* Release */ = {
			isa = XCBuildConfiguration;
			buildSettings = {
				ALWAYS_EMBED_SWIFT_STANDARD_LIBRARIES = YES;
				DEVELOPMENT_TEAM = 5Q5Q8W9ATZ;
				INFOPLIST_FILE = IteratorToolsTests/Info.plist;
				LD_RUNPATH_SEARCH_PATHS = "$(inherited) @executable_path/Frameworks @loader_path/Frameworks";
				PRODUCT_BUNDLE_IDENTIFIER = com.pangburn.IteratorToolsTests;
				PRODUCT_NAME = "$(TARGET_NAME)";
				SWIFT_SWIFT3_OBJC_INFERENCE = Default;
				SWIFT_VERSION = 4.0;
			};
			name = Release;
		};
/* End XCBuildConfiguration section */

/* Begin XCConfigurationList section */
		89E8F1981F4F2CC9000FC583 /* Build configuration list for PBXProject "IteratorTools" */ = {
			isa = XCConfigurationList;
			buildConfigurations = (
				89E8F1B01F4F2CC9000FC583 /* Debug */,
				89E8F1B11F4F2CC9000FC583 /* Release */,
			);
			defaultConfigurationIsVisible = 0;
			defaultConfigurationName = Release;
		};
		89E8F1B21F4F2CC9000FC583 /* Build configuration list for PBXNativeTarget "IteratorTools" */ = {
			isa = XCConfigurationList;
			buildConfigurations = (
				89E8F1B31F4F2CC9000FC583 /* Debug */,
				89E8F1B41F4F2CC9000FC583 /* Release */,
			);
			defaultConfigurationIsVisible = 0;
			defaultConfigurationName = Release;
		};
		89E8F1B51F4F2CC9000FC583 /* Build configuration list for PBXNativeTarget "IteratorToolsTests" */ = {
			isa = XCConfigurationList;
			buildConfigurations = (
				89E8F1B61F4F2CC9000FC583 /* Debug */,
				89E8F1B71F4F2CC9000FC583 /* Release */,
			);
			defaultConfigurationIsVisible = 0;
			defaultConfigurationName = Release;
		};
/* End XCConfigurationList section */
	};
	rootObject = 89E8F1951F4F2CC9000FC583 /* Project object */;
}
